// !$*UTF8*$!
{
	archiveVersion = 1;
	classes = {
	};
	objectVersion = 56;
	objects = {

/* Begin PBXBuildFile section */
		326C9E872DC6A6EB007457E4 /* FirebaseCrashlytics in Frameworks */ = {isa = PBXBuildFile; productRef = 326C9E862DC6A6EB007457E4 /* FirebaseCrashlytics */; };
		32A4CAE52DF3C89E00CC8C37 /* HapticsManager.swift in Sources */ = {isa = PBXBuildFile; fileRef = 32A4CAE42DF3C89200CC8C37 /* HapticsManager.swift */; };
		32A4CAE72DF60F6400CC8C37 /* ReviewManager.swift in Sources */ = {isa = PBXBuildFile; fileRef = 32A4CAE62DF60F6400CC8C37 /* ReviewManager.swift */; };
		32A4CAE92E01A77300CC8C37 /* FilterOptions.swift in Sources */ = {isa = PBXBuildFile; fileRef = 32A4CAE82E01A77300CC8C37 /* FilterOptions.swift */; };
		32A4CAEB2E01A7A700CC8C37 /* FilterSortView.swift in Sources */ = {isa = PBXBuildFile; fileRef = 32A4CAEA2E01A7A700CC8C37 /* FilterSortView.swift */; };
		32C138BB2D8F66CF006F4121 /* NYCFoodRatingsApp.swift in Sources */ = {isa = PBXBuildFile; fileRef = 32C138BA2D8F66CF006F4121 /* NYCFoodRatingsApp.swift */; };
		32C138BC2D8F66CF006F4121 /* MainTabView.swift in Sources */ = {isa = PBXBuildFile; fileRef = 32C138B82D8F66CF006F4121 /* MainTabView.swift */; };
		32C138C92D8F67E2006F4121 /* SearchViewModel.swift in Sources */ = {isa = PBXBuildFile; fileRef = 32C138C72D8F67E2006F4121 /* SearchViewModel.swift */; };
		32C138CA2D8F67E2006F4121 /* AboutView.swift in Sources */ = {isa = PBXBuildFile; fileRef = 32C138BF2D8F67E2006F4121 /* AboutView.swift */; };
		32C138CB2D8F67E2006F4121 /* RestaurantDetailView.swift in Sources */ = {isa = PBXBuildFile; fileRef = 32C138C52D8F67E2006F4121 /* RestaurantDetailView.swift */; };
		32C138CC2D8F67E2006F4121 /* APIService.swift in Sources */ = {isa = PBXBuildFile; fileRef = 32C138C02D8F67E2006F4121 /* APIService.swift */; };
		32C138CD2D8F67E2006F4121 /* InspectionDetailView.swift in Sources */ = {isa = PBXBuildFile; fileRef = 32C138C32D8F67E2006F4121 /* InspectionDetailView.swift */; };
		32C138CE2D8F67E2006F4121 /* SearchView.swift in Sources */ = {isa = PBXBuildFile; fileRef = 32C138C62D8F67E2006F4121 /* SearchView.swift */; };
		32C138CF2D8F67E2006F4121 /* Models.swift in Sources */ = {isa = PBXBuildFile; fileRef = 32C138C42D8F67E2006F4121 /* Models.swift */; };
		32C138D02D8F67E2006F4121 /* FAQView.swift in Sources */ = {isa = PBXBuildFile; fileRef = 32C138C22D8F67E2006F4121 /* FAQView.swift */; };
		32C138D42D905217006F4121 /* ViolationsView.swift in Sources */ = {isa = PBXBuildFile; fileRef = 32C138D32D905217006F4121 /* ViolationsView.swift */; };
		32CB03562DB41D0000C8068D /* FirebaseAnalytics in Frameworks */ = {isa = PBXBuildFile; productRef = 32CB03552DB41D0000C8068D /* FirebaseAnalytics */; };
		32CB03582DB421C800C8068D /* GoogleService-Info.plist in Resources */ = {isa = PBXBuildFile; fileRef = 32CB03572DB421C800C8068D /* GoogleService-Info.plist */; };
		32CB03592DB421C800C8068D /* GoogleService-Info.plist in Resources */ = {isa = PBXBuildFile; fileRef = 32CB03572DB421C800C8068D /* GoogleService-Info.plist */; };
		32CB035A2DB421C800C8068D /* GoogleService-Info.plist in Resources */ = {isa = PBXBuildFile; fileRef = 32CB03572DB421C800C8068D /* GoogleService-Info.plist */; };
		32D9DA6C2CBDFB7800BA92E1 /* Assets.xcassets in Resources */ = {isa = PBXBuildFile; fileRef = 32D9DA6B2CBDFB7800BA92E1 /* Assets.xcassets */; };
		32D9DA6F2CBDFB7800BA92E1 /* Preview Assets.xcassets in Resources */ = {isa = PBXBuildFile; fileRef = 32D9DA6E2CBDFB7800BA92E1 /* Preview Assets.xcassets */; };
		32D9DA792CBDFB7900BA92E1 /* NYCFoodRatingsTests.swift in Sources */ = {isa = PBXBuildFile; fileRef = 32D9DA782CBDFB7900BA92E1 /* NYCFoodRatingsTests.swift */; };
		32D9DA832CBDFB7900BA92E1 /* NYCFoodRatingsUITests.swift in Sources */ = {isa = PBXBuildFile; fileRef = 32D9DA822CBDFB7900BA92E1 /* NYCFoodRatingsUITests.swift */; };
		32D9DA852CBDFB7900BA92E1 /* NYCFoodRatingsUITestsLaunchTests.swift in Sources */ = {isa = PBXBuildFile; fileRef = 32D9DA842CBDFB7900BA92E1 /* NYCFoodRatingsUITestsLaunchTests.swift */; };
/* End PBXBuildFile section */

/* Begin PBXContainerItemProxy section */
		32D9DA752CBDFB7900BA92E1 /* PBXContainerItemProxy */ = {
			isa = PBXContainerItemProxy;
			containerPortal = 32D9DA5C2CBDFB7100BA92E1 /* Project object */;
			proxyType = 1;
			remoteGlobalIDString = 32D9DA632CBDFB7200BA92E1;
			remoteInfo = NYCFoodRatings;
		};
		32D9DA7F2CBDFB7900BA92E1 /* PBXContainerItemProxy */ = {
			isa = PBXContainerItemProxy;
			containerPortal = 32D9DA5C2CBDFB7100BA92E1 /* Project object */;
			proxyType = 1;
			remoteGlobalIDString = 32D9DA632CBDFB7200BA92E1;
			remoteInfo = NYCFoodRatings;
		};
/* End PBXContainerItemProxy section */

/* Begin PBXFileReference section */
		329C8F632D8E0B28000A3C5E /* LaunchScreen.storyboard */ = {isa = PBXFileReference; lastKnownFileType = file.storyboard; path = LaunchScreen.storyboard; sourceTree = "<group>"; };
		32A4CAE42DF3C89200CC8C37 /* HapticsManager.swift */ = {isa = PBXFileReference; lastKnownFileType = sourcecode.swift; path = HapticsManager.swift; sourceTree = "<group>"; };
		32A4CAE62DF60F6400CC8C37 /* ReviewManager.swift */ = {isa = PBXFileReference; lastKnownFileType = sourcecode.swift; path = ReviewManager.swift; sourceTree = "<group>"; };
		32A4CAE82E01A77300CC8C37 /* FilterOptions.swift */ = {isa = PBXFileReference; lastKnownFileType = sourcecode.swift; path = FilterOptions.swift; sourceTree = "<group>"; };
		32A4CAEA2E01A7A700CC8C37 /* FilterSortView.swift */ = {isa = PBXFileReference; lastKnownFileType = sourcecode.swift; path = FilterSortView.swift; sourceTree = "<group>"; };
		32C138B82D8F66CF006F4121 /* MainTabView.swift */ = {isa = PBXFileReference; lastKnownFileType = sourcecode.swift; path = MainTabView.swift; sourceTree = "<group>"; };
		32C138BA2D8F66CF006F4121 /* NYCFoodRatingsApp.swift */ = {isa = PBXFileReference; lastKnownFileType = sourcecode.swift; path = NYCFoodRatingsApp.swift; sourceTree = "<group>"; };
		32C138BE2D8F671B006F4121 /* CleanPlate-Bridging-Header.h */ = {isa = PBXFileReference; lastKnownFileType = sourcecode.c.h; path = "CleanPlate-Bridging-Header.h"; sourceTree = "<group>"; };
		32C138BF2D8F67E2006F4121 /* AboutView.swift */ = {isa = PBXFileReference; lastKnownFileType = sourcecode.swift; path = AboutView.swift; sourceTree = "<group>"; };
		32C138C02D8F67E2006F4121 /* APIService.swift */ = {isa = PBXFileReference; lastKnownFileType = sourcecode.swift; path = APIService.swift; sourceTree = "<group>"; };
		32C138C22D8F67E2006F4121 /* FAQView.swift */ = {isa = PBXFileReference; lastKnownFileType = sourcecode.swift; path = FAQView.swift; sourceTree = "<group>"; };
		32C138C32D8F67E2006F4121 /* InspectionDetailView.swift */ = {isa = PBXFileReference; lastKnownFileType = sourcecode.swift; path = InspectionDetailView.swift; sourceTree = "<group>"; };
		32C138C42D8F67E2006F4121 /* Models.swift */ = {isa = PBXFileReference; lastKnownFileType = sourcecode.swift; path = Models.swift; sourceTree = "<group>"; };
		32C138C52D8F67E2006F4121 /* RestaurantDetailView.swift */ = {isa = PBXFileReference; lastKnownFileType = sourcecode.swift; path = RestaurantDetailView.swift; sourceTree = "<group>"; };
		32C138C62D8F67E2006F4121 /* SearchView.swift */ = {isa = PBXFileReference; lastKnownFileType = sourcecode.swift; path = SearchView.swift; sourceTree = "<group>"; };
		32C138C72D8F67E2006F4121 /* SearchViewModel.swift */ = {isa = PBXFileReference; lastKnownFileType = sourcecode.swift; path = SearchViewModel.swift; sourceTree = "<group>"; };
		32C138D32D905217006F4121 /* ViolationsView.swift */ = {isa = PBXFileReference; lastKnownFileType = sourcecode.swift; path = ViolationsView.swift; sourceTree = "<group>"; };
		32CB03572DB421C800C8068D /* GoogleService-Info.plist */ = {isa = PBXFileReference; lastKnownFileType = text.plist.xml; path = "GoogleService-Info.plist"; sourceTree = "<group>"; };
		32D9DA642CBDFB7200BA92E1 /* CleanPlate.app */ = {isa = PBXFileReference; explicitFileType = wrapper.application; includeInIndex = 0; path = CleanPlate.app; sourceTree = BUILT_PRODUCTS_DIR; };
		32D9DA6B2CBDFB7800BA92E1 /* Assets.xcassets */ = {isa = PBXFileReference; lastKnownFileType = folder.assetcatalog; path = Assets.xcassets; sourceTree = "<group>"; };
		32D9DA6E2CBDFB7800BA92E1 /* Preview Assets.xcassets */ = {isa = PBXFileReference; lastKnownFileType = folder.assetcatalog; path = "Preview Assets.xcassets"; sourceTree = "<group>"; };
		32D9DA742CBDFB7900BA92E1 /* CleanPlateTests.xctest */ = {isa = PBXFileReference; explicitFileType = wrapper.cfbundle; includeInIndex = 0; path = CleanPlateTests.xctest; sourceTree = BUILT_PRODUCTS_DIR; };
		32D9DA782CBDFB7900BA92E1 /* NYCFoodRatingsTests.swift */ = {isa = PBXFileReference; lastKnownFileType = sourcecode.swift; path = NYCFoodRatingsTests.swift; sourceTree = "<group>"; };
		32D9DA7E2CBDFB7900BA92E1 /* CleanPlateUITests.xctest */ = {isa = PBXFileReference; explicitFileType = wrapper.cfbundle; includeInIndex = 0; path = CleanPlateUITests.xctest; sourceTree = BUILT_PRODUCTS_DIR; };
		32D9DA822CBDFB7900BA92E1 /* NYCFoodRatingsUITests.swift */ = {isa = PBXFileReference; lastKnownFileType = sourcecode.swift; path = NYCFoodRatingsUITests.swift; sourceTree = "<group>"; };
		32D9DA842CBDFB7900BA92E1 /* NYCFoodRatingsUITestsLaunchTests.swift */ = {isa = PBXFileReference; lastKnownFileType = sourcecode.swift; path = NYCFoodRatingsUITestsLaunchTests.swift; sourceTree = "<group>"; };
		32D9DA922CBDFDBB00BA92E1 /* Info.plist */ = {isa = PBXFileReference; lastKnownFileType = text.plist; path = Info.plist; sourceTree = "<group>"; };
/* End PBXFileReference section */

/* Begin PBXFrameworksBuildPhase section */
		32D9DA612CBDFB7200BA92E1 /* Frameworks */ = {
			isa = PBXFrameworksBuildPhase;
			buildActionMask = 2147483647;
			files = (
				32CB03562DB41D0000C8068D /* FirebaseAnalytics in Frameworks */,
				326C9E872DC6A6EB007457E4 /* FirebaseCrashlytics in Frameworks */,
			);
			runOnlyForDeploymentPostprocessing = 0;
		};
		32D9DA712CBDFB7900BA92E1 /* Frameworks */ = {
			isa = PBXFrameworksBuildPhase;
			buildActionMask = 2147483647;
			files = (
			);
			runOnlyForDeploymentPostprocessing = 0;
		};
		32D9DA7B2CBDFB7900BA92E1 /* Frameworks */ = {
			isa = PBXFrameworksBuildPhase;
			buildActionMask = 2147483647;
			files = (
			);
			runOnlyForDeploymentPostprocessing = 0;
		};
/* End PBXFrameworksBuildPhase section */

/* Begin PBXGroup section */
		32A4A5082DC5533500B5E6EE /* Frameworks */ = {
			isa = PBXGroup;
			children = (
			);
			name = Frameworks;
			sourceTree = "<group>";
		};
		32D9DA5B2CBDFB7100BA92E1 = {
			isa = PBXGroup;
			children = (
				329C8F632D8E0B28000A3C5E /* LaunchScreen.storyboard */,
				32C138B82D8F66CF006F4121 /* MainTabView.swift */,
				32C138BA2D8F66CF006F4121 /* NYCFoodRatingsApp.swift */,
				32A4CAE62DF60F6400CC8C37 /* ReviewManager.swift */,
				32C138BF2D8F67E2006F4121 /* AboutView.swift */,
				32C138C02D8F67E2006F4121 /* APIService.swift */,
				32C138C22D8F67E2006F4121 /* FAQView.swift */,
				32C138C32D8F67E2006F4121 /* InspectionDetailView.swift */,
				32A4CAE42DF3C89200CC8C37 /* HapticsManager.swift */,
				32C138D32D905217006F4121 /* ViolationsView.swift */,
				32C138C42D8F67E2006F4121 /* Models.swift */,
				32C138C52D8F67E2006F4121 /* RestaurantDetailView.swift */,
				32C138C62D8F67E2006F4121 /* SearchView.swift */,
				32C138C72D8F67E2006F4121 /* SearchViewModel.swift */,
				32A4CAE82E01A77300CC8C37 /* FilterOptions.swift */,
				32A4CAEA2E01A7A700CC8C37 /* FilterSortView.swift */,
				32D9DA662CBDFB7200BA92E1 /* CleanPlate */,
				32D9DA772CBDFB7900BA92E1 /* NYCFoodRatingsTests */,
				32D9DA812CBDFB7900BA92E1 /* NYCFoodRatingsUITests */,
				32D9DA652CBDFB7200BA92E1 /* Products */,
				32C138BE2D8F671B006F4121 /* CleanPlate-Bridging-Header.h */,
				32A4A5082DC5533500B5E6EE /* Frameworks */,
			);
			sourceTree = "<group>";
		};
		32D9DA652CBDFB7200BA92E1 /* Products */ = {
			isa = PBXGroup;
			children = (
				32D9DA642CBDFB7200BA92E1 /* CleanPlate.app */,
				32D9DA742CBDFB7900BA92E1 /* CleanPlateTests.xctest */,
				32D9DA7E2CBDFB7900BA92E1 /* CleanPlateUITests.xctest */,
			);
			name = Products;
			sourceTree = "<group>";
		};
		32D9DA662CBDFB7200BA92E1 /* CleanPlate */ = {
			isa = PBXGroup;
			children = (
				32D9DA922CBDFDBB00BA92E1 /* Info.plist */,
				32CB03572DB421C800C8068D /* GoogleService-Info.plist */,
				32D9DA6B2CBDFB7800BA92E1 /* Assets.xcassets */,
				32D9DA6D2CBDFB7800BA92E1 /* Preview Content */,
			);
			path = CleanPlate;
			sourceTree = "<group>";
		};
		32D9DA6D2CBDFB7800BA92E1 /* Preview Content */ = {
			isa = PBXGroup;
			children = (
				32D9DA6E2CBDFB7800BA92E1 /* Preview Assets.xcassets */,
			);
			path = "Preview Content";
			sourceTree = "<group>";
		};
		32D9DA772CBDFB7900BA92E1 /* NYCFoodRatingsTests */ = {
			isa = PBXGroup;
			children = (
				32D9DA782CBDFB7900BA92E1 /* NYCFoodRatingsTests.swift */,
			);
			path = NYCFoodRatingsTests;
			sourceTree = "<group>";
		};
		32D9DA812CBDFB7900BA92E1 /* NYCFoodRatingsUITests */ = {
			isa = PBXGroup;
			children = (
				32D9DA822CBDFB7900BA92E1 /* NYCFoodRatingsUITests.swift */,
				32D9DA842CBDFB7900BA92E1 /* NYCFoodRatingsUITestsLaunchTests.swift */,
			);
			path = NYCFoodRatingsUITests;
			sourceTree = "<group>";
		};
/* End PBXGroup section */

/* Begin PBXNativeTarget section */
		32D9DA632CBDFB7200BA92E1 /* CleanPlate */ = {
			isa = PBXNativeTarget;
			buildConfigurationList = 32D9DA882CBDFB7900BA92E1 /* Build configuration list for PBXNativeTarget "CleanPlate" */;
			buildPhases = (
				32D9DA602CBDFB7200BA92E1 /* Sources */,
				32D9DA612CBDFB7200BA92E1 /* Frameworks */,
				32D9DA622CBDFB7200BA92E1 /* Resources */,
			);
			buildRules = (
			);
			dependencies = (
			);
			name = CleanPlate;
			productName = NYCFoodRatings;
			productReference = 32D9DA642CBDFB7200BA92E1 /* CleanPlate.app */;
			productType = "com.apple.product-type.application";
		};
		32D9DA732CBDFB7900BA92E1 /* CleanPlateTests */ = {
			isa = PBXNativeTarget;
			buildConfigurationList = 32D9DA8B2CBDFB7900BA92E1 /* Build configuration list for PBXNativeTarget "CleanPlateTests" */;
			buildPhases = (
				32D9DA702CBDFB7900BA92E1 /* Sources */,
				32D9DA712CBDFB7900BA92E1 /* Frameworks */,
				32D9DA722CBDFB7900BA92E1 /* Resources */,
			);
			buildRules = (
			);
			dependencies = (
				32D9DA762CBDFB7900BA92E1 /* PBXTargetDependency */,
			);
			name = CleanPlateTests;
			productName = NYCFoodRatingsTests;
			productReference = 32D9DA742CBDFB7900BA92E1 /* CleanPlateTests.xctest */;
			productType = "com.apple.product-type.bundle.unit-test";
		};
		32D9DA7D2CBDFB7900BA92E1 /* CleanPlateUITests */ = {
			isa = PBXNativeTarget;
			buildConfigurationList = 32D9DA8E2CBDFB7900BA92E1 /* Build configuration list for PBXNativeTarget "CleanPlateUITests" */;
			buildPhases = (
				32D9DA7A2CBDFB7900BA92E1 /* Sources */,
				32D9DA7B2CBDFB7900BA92E1 /* Frameworks */,
				32D9DA7C2CBDFB7900BA92E1 /* Resources */,
			);
			buildRules = (
			);
			dependencies = (
				32D9DA802CBDFB7900BA92E1 /* PBXTargetDependency */,
			);
			name = CleanPlateUITests;
			productName = NYCFoodRatingsUITests;
			productReference = 32D9DA7E2CBDFB7900BA92E1 /* CleanPlateUITests.xctest */;
			productType = "com.apple.product-type.bundle.ui-testing";
		};
/* End PBXNativeTarget section */

/* Begin PBXProject section */
		32D9DA5C2CBDFB7100BA92E1 /* Project object */ = {
			isa = PBXProject;
			attributes = {
				BuildIndependentTargetsInParallel = 1;
				LastSwiftUpdateCheck = 1540;
				LastUpgradeCheck = 1620;
				TargetAttributes = {
					32D9DA632CBDFB7200BA92E1 = {
						CreatedOnToolsVersion = 15.4;
						LastSwiftMigration = 1620;
					};
					32D9DA732CBDFB7900BA92E1 = {
						CreatedOnToolsVersion = 15.4;
						TestTargetID = 32D9DA632CBDFB7200BA92E1;
					};
					32D9DA7D2CBDFB7900BA92E1 = {
						CreatedOnToolsVersion = 15.4;
						TestTargetID = 32D9DA632CBDFB7200BA92E1;
					};
				};
			};
			buildConfigurationList = 32D9DA5F2CBDFB7100BA92E1 /* Build configuration list for PBXProject "CleanPlate" */;
			compatibilityVersion = "Xcode 14.0";
			developmentRegion = en;
			hasScannedForEncodings = 0;
			knownRegions = (
				en,
				Base,
			);
			mainGroup = 32D9DA5B2CBDFB7100BA92E1;
			packageReferences = (
				326C9E832DC6A6EA007457E4 /* XCRemoteSwiftPackageReference "firebase-ios-sdk" */,
			);
			productRefGroup = 32D9DA652CBDFB7200BA92E1 /* Products */;
			projectDirPath = "";
			projectRoot = "";
			targets = (
				32D9DA632CBDFB7200BA92E1 /* CleanPlate */,
				32D9DA732CBDFB7900BA92E1 /* CleanPlateTests */,
				32D9DA7D2CBDFB7900BA92E1 /* CleanPlateUITests */,
			);
		};
/* End PBXProject section */

/* Begin PBXResourcesBuildPhase section */
		32D9DA622CBDFB7200BA92E1 /* Resources */ = {
			isa = PBXResourcesBuildPhase;
			buildActionMask = 2147483647;
			files = (
				32CB035A2DB421C800C8068D /* GoogleService-Info.plist in Resources */,
				32D9DA6F2CBDFB7800BA92E1 /* Preview Assets.xcassets in Resources */,
				32D9DA6C2CBDFB7800BA92E1 /* Assets.xcassets in Resources */,
			);
			runOnlyForDeploymentPostprocessing = 0;
		};
		32D9DA722CBDFB7900BA92E1 /* Resources */ = {
			isa = PBXResourcesBuildPhase;
			buildActionMask = 2147483647;
			files = (
				32CB03582DB421C800C8068D /* GoogleService-Info.plist in Resources */,
			);
			runOnlyForDeploymentPostprocessing = 0;
		};
		32D9DA7C2CBDFB7900BA92E1 /* Resources */ = {
			isa = PBXResourcesBuildPhase;
			buildActionMask = 2147483647;
			files = (
				32CB03592DB421C800C8068D /* GoogleService-Info.plist in Resources */,
			);
			runOnlyForDeploymentPostprocessing = 0;
		};
/* End PBXResourcesBuildPhase section */

/* Begin PBXSourcesBuildPhase section */
		32D9DA602CBDFB7200BA92E1 /* Sources */ = {
			isa = PBXSourcesBuildPhase;
			buildActionMask = 2147483647;
			files = (
				32C138BB2D8F66CF006F4121 /* NYCFoodRatingsApp.swift in Sources */,
				32C138C92D8F67E2006F4121 /* SearchViewModel.swift in Sources */,
				32C138CA2D8F67E2006F4121 /* AboutView.swift in Sources */,
				32C138CB2D8F67E2006F4121 /* RestaurantDetailView.swift in Sources */,
				32A4CAE92E01A77300CC8C37 /* FilterOptions.swift in Sources */,
				32C138D42D905217006F4121 /* ViolationsView.swift in Sources */,
				32C138CC2D8F67E2006F4121 /* APIService.swift in Sources */,
				32A4CAE52DF3C89E00CC8C37 /* HapticsManager.swift in Sources */,
				32C138CD2D8F67E2006F4121 /* InspectionDetailView.swift in Sources */,
				32C138CE2D8F67E2006F4121 /* SearchView.swift in Sources */,
				32A4CAE72DF60F6400CC8C37 /* ReviewManager.swift in Sources */,
				32C138CF2D8F67E2006F4121 /* Models.swift in Sources */,
				32C138D02D8F67E2006F4121 /* FAQView.swift in Sources */,
				32C138BC2D8F66CF006F4121 /* MainTabView.swift in Sources */,
				32A4CAEB2E01A7A700CC8C37 /* FilterSortView.swift in Sources */,
			);
			runOnlyForDeploymentPostprocessing = 0;
		};
		32D9DA702CBDFB7900BA92E1 /* Sources */ = {
			isa = PBXSourcesBuildPhase;
			buildActionMask = 2147483647;
			files = (
				32D9DA792CBDFB7900BA92E1 /* NYCFoodRatingsTests.swift in Sources */,
			);
			runOnlyForDeploymentPostprocessing = 0;
		};
		32D9DA7A2CBDFB7900BA92E1 /* Sources */ = {
			isa = PBXSourcesBuildPhase;
			buildActionMask = 2147483647;
			files = (
				32D9DA852CBDFB7900BA92E1 /* NYCFoodRatingsUITestsLaunchTests.swift in Sources */,
				32D9DA832CBDFB7900BA92E1 /* NYCFoodRatingsUITests.swift in Sources */,
			);
			runOnlyForDeploymentPostprocessing = 0;
		};
/* End PBXSourcesBuildPhase section */

/* Begin PBXTargetDependency section */
		32D9DA762CBDFB7900BA92E1 /* PBXTargetDependency */ = {
			isa = PBXTargetDependency;
			target = 32D9DA632CBDFB7200BA92E1 /* CleanPlate */;
			targetProxy = 32D9DA752CBDFB7900BA92E1 /* PBXContainerItemProxy */;
		};
		32D9DA802CBDFB7900BA92E1 /* PBXTargetDependency */ = {
			isa = PBXTargetDependency;
			target = 32D9DA632CBDFB7200BA92E1 /* CleanPlate */;
			targetProxy = 32D9DA7F2CBDFB7900BA92E1 /* PBXContainerItemProxy */;
		};
/* End PBXTargetDependency section */

/* Begin XCBuildConfiguration section */
		32D9DA862CBDFB7900BA92E1 /* Debug */ = {
			isa = XCBuildConfiguration;
			buildSettings = {
				ALWAYS_SEARCH_USER_PATHS = NO;
				ASSETCATALOG_COMPILER_GENERATE_SWIFT_ASSET_SYMBOL_EXTENSIONS = YES;
				CLANG_ANALYZER_NONNULL = YES;
				CLANG_ANALYZER_NUMBER_OBJECT_CONVERSION = YES_AGGRESSIVE;
				CLANG_CXX_LANGUAGE_STANDARD = "gnu++20";
				CLANG_ENABLE_MODULES = YES;
				CLANG_ENABLE_OBJC_ARC = YES;
				CLANG_ENABLE_OBJC_WEAK = YES;
				CLANG_WARN_BLOCK_CAPTURE_AUTORELEASING = YES;
				CLANG_WARN_BOOL_CONVERSION = YES;
				CLANG_WARN_COMMA = YES;
				CLANG_WARN_CONSTANT_CONVERSION = YES;
				CLANG_WARN_DEPRECATED_OBJC_IMPLEMENTATIONS = YES;
				CLANG_WARN_DIRECT_OBJC_ISA_USAGE = YES_ERROR;
				CLANG_WARN_DOCUMENTATION_COMMENTS = YES;
				CLANG_WARN_EMPTY_BODY = YES;
				CLANG_WARN_ENUM_CONVERSION = YES;
				CLANG_WARN_INFINITE_RECURSION = YES;
				CLANG_WARN_INT_CONVERSION = YES;
				CLANG_WARN_NON_LITERAL_NULL_CONVERSION = YES;
				CLANG_WARN_OBJC_IMPLICIT_RETAIN_SELF = YES;
				CLANG_WARN_OBJC_LITERAL_CONVERSION = YES;
				CLANG_WARN_OBJC_ROOT_CLASS = YES_ERROR;
				CLANG_WARN_QUOTED_INCLUDE_IN_FRAMEWORK_HEADER = YES;
				CLANG_WARN_RANGE_LOOP_ANALYSIS = YES;
				CLANG_WARN_STRICT_PROTOTYPES = YES;
				CLANG_WARN_SUSPICIOUS_MOVE = YES;
				CLANG_WARN_UNGUARDED_AVAILABILITY = YES_AGGRESSIVE;
				CLANG_WARN_UNREACHABLE_CODE = YES;
				CLANG_WARN__DUPLICATE_METHOD_MATCH = YES;
				COPY_PHASE_STRIP = NO;
				DEBUG_INFORMATION_FORMAT = "dwarf-with-dsym";
				ENABLE_STRICT_OBJC_MSGSEND = YES;
				ENABLE_TESTABILITY = YES;
				ENABLE_USER_SCRIPT_SANDBOXING = YES;
				GCC_C_LANGUAGE_STANDARD = gnu17;
				GCC_DYNAMIC_NO_PIC = NO;
				GCC_NO_COMMON_BLOCKS = YES;
				GCC_OPTIMIZATION_LEVEL = 0;
				GCC_PREPROCESSOR_DEFINITIONS = (
					"DEBUG=1",
					"$(inherited)",
				);
				GCC_WARN_64_TO_32_BIT_CONVERSION = YES;
				GCC_WARN_ABOUT_RETURN_TYPE = YES_ERROR;
				GCC_WARN_UNDECLARED_SELECTOR = YES;
				GCC_WARN_UNINITIALIZED_AUTOS = YES_AGGRESSIVE;
				GCC_WARN_UNUSED_FUNCTION = YES;
				GCC_WARN_UNUSED_VARIABLE = YES;
				IPHONEOS_DEPLOYMENT_TARGET = 17.5;
				LOCALIZATION_PREFERS_STRING_CATALOGS = YES;
				MTL_ENABLE_DEBUG_INFO = INCLUDE_SOURCE;
				MTL_FAST_MATH = YES;
				ONLY_ACTIVE_ARCH = YES;
				SDKROOT = iphoneos;
				SWIFT_ACTIVE_COMPILATION_CONDITIONS = "DEBUG $(inherited)";
				SWIFT_OPTIMIZATION_LEVEL = "-Onone";
			};
			name = Debug;
		};
		32D9DA872CBDFB7900BA92E1 /* Release */ = {
			isa = XCBuildConfiguration;
			buildSettings = {
				ALWAYS_SEARCH_USER_PATHS = NO;
				ASSETCATALOG_COMPILER_GENERATE_SWIFT_ASSET_SYMBOL_EXTENSIONS = YES;
				CLANG_ANALYZER_NONNULL = YES;
				CLANG_ANALYZER_NUMBER_OBJECT_CONVERSION = YES_AGGRESSIVE;
				CLANG_CXX_LANGUAGE_STANDARD = "gnu++20";
				CLANG_ENABLE_MODULES = YES;
				CLANG_ENABLE_OBJC_ARC = YES;
				CLANG_ENABLE_OBJC_WEAK = YES;
				CLANG_WARN_BLOCK_CAPTURE_AUTORELEASING = YES;
				CLANG_WARN_BOOL_CONVERSION = YES;
				CLANG_WARN_COMMA = YES;
				CLANG_WARN_CONSTANT_CONVERSION = YES;
				CLANG_WARN_DEPRECATED_OBJC_IMPLEMENTATIONS = YES;
				CLANG_WARN_DIRECT_OBJC_ISA_USAGE = YES_ERROR;
				CLANG_WARN_DOCUMENTATION_COMMENTS = YES;
				CLANG_WARN_EMPTY_BODY = YES;
				CLANG_WARN_ENUM_CONVERSION = YES;
				CLANG_WARN_INFINITE_RECURSION = YES;
				CLANG_WARN_INT_CONVERSION = YES;
				CLANG_WARN_NON_LITERAL_NULL_CONVERSION = YES;
				CLANG_WARN_OBJC_IMPLICIT_RETAIN_SELF = YES;
				CLANG_WARN_OBJC_LITERAL_CONVERSION = YES;
				CLANG_WARN_OBJC_ROOT_CLASS = YES_ERROR;
				CLANG_WARN_QUOTED_INCLUDE_IN_FRAMEWORK_HEADER = YES;
				CLANG_WARN_RANGE_LOOP_ANALYSIS = YES;
				CLANG_WARN_STRICT_PROTOTYPES = YES;
				CLANG_WARN_SUSPICIOUS_MOVE = YES;
				CLANG_WARN_UNGUARDED_AVAILABILITY = YES_AGGRESSIVE;
				CLANG_WARN_UNREACHABLE_CODE = YES;
				CLANG_WARN__DUPLICATE_METHOD_MATCH = YES;
				COPY_PHASE_STRIP = NO;
				DEBUG_INFORMATION_FORMAT = "dwarf-with-dsym";
				ENABLE_NS_ASSERTIONS = NO;
				ENABLE_STRICT_OBJC_MSGSEND = YES;
				ENABLE_USER_SCRIPT_SANDBOXING = YES;
				GCC_C_LANGUAGE_STANDARD = gnu17;
				GCC_NO_COMMON_BLOCKS = YES;
				GCC_WARN_64_TO_32_BIT_CONVERSION = YES;
				GCC_WARN_ABOUT_RETURN_TYPE = YES_ERROR;
				GCC_WARN_UNDECLARED_SELECTOR = YES;
				GCC_WARN_UNINITIALIZED_AUTOS = YES_AGGRESSIVE;
				GCC_WARN_UNUSED_FUNCTION = YES;
				GCC_WARN_UNUSED_VARIABLE = YES;
				IPHONEOS_DEPLOYMENT_TARGET = 17.5;
				LOCALIZATION_PREFERS_STRING_CATALOGS = YES;
				MTL_ENABLE_DEBUG_INFO = NO;
				MTL_FAST_MATH = YES;
				SDKROOT = iphoneos;
				SWIFT_COMPILATION_MODE = wholemodule;
				VALIDATE_PRODUCT = YES;
			};
			name = Release;
		};
		32D9DA892CBDFB7900BA92E1 /* Debug */ = {
			isa = XCBuildConfiguration;
			buildSettings = {
				ASSETCATALOG_COMPILER_APPICON_NAME = AppIcon;
				ASSETCATALOG_COMPILER_GLOBAL_ACCENT_COLOR_NAME = AccentColor;
				ASSETCATALOG_COMPILER_INCLUDE_ALL_APPICON_ASSETS = YES;
				CLANG_ENABLE_MODULES = YES;
				CODE_SIGN_ENTITLEMENTS = CleanPlate/CleanPlate.entitlements;
				CODE_SIGN_STYLE = Automatic;
				CURRENT_PROJECT_VERSION = 5;
				DEVELOPMENT_ASSET_PATHS = "\"CleanPlate/Preview Content\"";
				DEVELOPMENT_TEAM = JZXVT367QR;
				ENABLE_PREVIEWS = YES;
				GENERATE_INFOPLIST_FILE = YES;
				INFOPLIST_FILE = CleanPlate/Info.plist;
				INFOPLIST_KEY_LSSupportsOpeningDocumentsInPlace = YES;
				INFOPLIST_KEY_NSLocalNetworkUsageDescription = "";
				INFOPLIST_KEY_UIApplicationSceneManifest_Generation = YES;
				INFOPLIST_KEY_UIApplicationSupportsIndirectInputEvents = YES;
				INFOPLIST_KEY_UIStatusBarStyle = "";
				INFOPLIST_KEY_UISupportedInterfaceOrientations = UIInterfaceOrientationPortrait;
				INFOPLIST_KEY_UISupportedInterfaceOrientations_iPad = "UIInterfaceOrientationLandscapeLeft UIInterfaceOrientationLandscapeRight UIInterfaceOrientationPortrait UIInterfaceOrientationPortraitUpsideDown";
				IPHONEOS_DEPLOYMENT_TARGET = 15.0;
				LD_RUNPATH_SEARCH_PATHS = (
					"$(inherited)",
					"@executable_path/Frameworks",
				);
				MARKETING_VERSION = 2.0.1;
				PRODUCT_BUNDLE_IDENTIFIER = nunzo.CleanPlate;
				PRODUCT_NAME = "$(TARGET_NAME)";
				SWIFT_EMIT_LOC_STRINGS = YES;
				SWIFT_OBJC_BRIDGING_HEADER = "CleanPlate-Bridging-Header.h";
				SWIFT_OPTIMIZATION_LEVEL = "-Onone";
				SWIFT_VERSION = 5.0;
				TARGETED_DEVICE_FAMILY = "1,2";
			};
			name = Debug;
		};
		32D9DA8A2CBDFB7900BA92E1 /* Release */ = {
			isa = XCBuildConfiguration;
			buildSettings = {
				ASSETCATALOG_COMPILER_APPICON_NAME = AppIcon;
				ASSETCATALOG_COMPILER_GLOBAL_ACCENT_COLOR_NAME = AccentColor;
				ASSETCATALOG_COMPILER_INCLUDE_ALL_APPICON_ASSETS = YES;
				CLANG_ENABLE_MODULES = YES;
				CODE_SIGN_ENTITLEMENTS = CleanPlate/CleanPlate.entitlements;
				CODE_SIGN_STYLE = Automatic;
				CURRENT_PROJECT_VERSION = 5;
				DEVELOPMENT_ASSET_PATHS = "\"CleanPlate/Preview Content\"";
				DEVELOPMENT_TEAM = JZXVT367QR;
				ENABLE_PREVIEWS = YES;
				GENERATE_INFOPLIST_FILE = YES;
				INFOPLIST_FILE = CleanPlate/Info.plist;
				INFOPLIST_KEY_LSSupportsOpeningDocumentsInPlace = YES;
				INFOPLIST_KEY_NSLocalNetworkUsageDescription = "";
				INFOPLIST_KEY_UIApplicationSceneManifest_Generation = YES;
				INFOPLIST_KEY_UIApplicationSupportsIndirectInputEvents = YES;
				INFOPLIST_KEY_UIStatusBarStyle = "";
				INFOPLIST_KEY_UISupportedInterfaceOrientations = UIInterfaceOrientationPortrait;
				INFOPLIST_KEY_UISupportedInterfaceOrientations_iPad = "UIInterfaceOrientationLandscapeLeft UIInterfaceOrientationLandscapeRight UIInterfaceOrientationPortrait UIInterfaceOrientationPortraitUpsideDown";
				IPHONEOS_DEPLOYMENT_TARGET = 15.0;
				LD_RUNPATH_SEARCH_PATHS = (
					"$(inherited)",
					"@executable_path/Frameworks",
				);
				MARKETING_VERSION = 2.0.1;
				PRODUCT_BUNDLE_IDENTIFIER = nunzo.CleanPlate;
				PRODUCT_NAME = "$(TARGET_NAME)";
				SWIFT_EMIT_LOC_STRINGS = YES;
				SWIFT_OBJC_BRIDGING_HEADER = "CleanPlate-Bridging-Header.h";
				SWIFT_VERSION = 5.0;
				TARGETED_DEVICE_FAMILY = "1,2";
			};
			name = Release;
		};
		32D9DA8C2CBDFB7900BA92E1 /* Debug */ = {
			isa = XCBuildConfiguration;
			buildSettings = {
				BUNDLE_LOADER = "$(TEST_HOST)";
				"CODE_SIGN_IDENTITY[sdk=macosx*]" = "Apple Development";
				CODE_SIGN_STYLE = Automatic;
				CURRENT_PROJECT_VERSION = 1;
				DEVELOPMENT_TEAM = JZXVT367QR;
				GENERATE_INFOPLIST_FILE = YES;
				IPHONEOS_DEPLOYMENT_TARGET = 17.5;
				MARKETING_VERSION = 1.0;
				PRODUCT_BUNDLE_IDENTIFIER = nunzo.NYCFoodRatingsTests;
				PRODUCT_NAME = "$(TARGET_NAME)";
				SWIFT_EMIT_LOC_STRINGS = NO;
				SWIFT_VERSION = 5.0;
				TARGETED_DEVICE_FAMILY = "1,2";
				TEST_HOST = "$(BUILT_PRODUCTS_DIR)/CleanPlate.app/$(BUNDLE_EXECUTABLE_FOLDER_PATH)/CleanPlate";
			};
			name = Debug;
		};
		32D9DA8D2CBDFB7900BA92E1 /* Release */ = {
			isa = XCBuildConfiguration;
			buildSettings = {
				BUNDLE_LOADER = "$(TEST_HOST)";
				"CODE_SIGN_IDENTITY[sdk=macosx*]" = "Apple Development";
				CODE_SIGN_STYLE = Automatic;
				CURRENT_PROJECT_VERSION = 1;
				DEVELOPMENT_TEAM = JZXVT367QR;
				GENERATE_INFOPLIST_FILE = YES;
				IPHONEOS_DEPLOYMENT_TARGET = 17.5;
				MARKETING_VERSION = 1.0;
				PRODUCT_BUNDLE_IDENTIFIER = nunzo.NYCFoodRatingsTests;
				PRODUCT_NAME = "$(TARGET_NAME)";
				SWIFT_EMIT_LOC_STRINGS = NO;
				SWIFT_VERSION = 5.0;
				TARGETED_DEVICE_FAMILY = "1,2";
				TEST_HOST = "$(BUILT_PRODUCTS_DIR)/CleanPlate.app/$(BUNDLE_EXECUTABLE_FOLDER_PATH)/CleanPlate";
			};
			name = Release;
		};
		32D9DA8F2CBDFB7900BA92E1 /* Debug */ = {
			isa = XCBuildConfiguration;
			buildSettings = {
				CODE_SIGN_STYLE = Automatic;
				CURRENT_PROJECT_VERSION = 1;
				DEVELOPMENT_TEAM = JZXVT367QR;
				GENERATE_INFOPLIST_FILE = YES;
				MARKETING_VERSION = 1.0;
				PRODUCT_BUNDLE_IDENTIFIER = nunzo.NYCFoodRatingsUITests;
				PRODUCT_NAME = "$(TARGET_NAME)";
				SWIFT_EMIT_LOC_STRINGS = NO;
				SWIFT_VERSION = 5.0;
				TARGETED_DEVICE_FAMILY = "1,2";
				TEST_TARGET_NAME = NYCFoodRatings;
			};
			name = Debug;
		};
		32D9DA902CBDFB7900BA92E1 /* Release */ = {
			isa = XCBuildConfiguration;
			buildSettings = {
				CODE_SIGN_STYLE = Automatic;
				CURRENT_PROJECT_VERSION = 1;
				DEVELOPMENT_TEAM = JZXVT367QR;
				GENERATE_INFOPLIST_FILE = YES;
				MARKETING_VERSION = 1.0;
				PRODUCT_BUNDLE_IDENTIFIER = nunzo.NYCFoodRatingsUITests;
				PRODUCT_NAME = "$(TARGET_NAME)";
				SWIFT_EMIT_LOC_STRINGS = NO;
				SWIFT_VERSION = 5.0;
				TARGETED_DEVICE_FAMILY = "1,2";
				TEST_TARGET_NAME = NYCFoodRatings;
			};
			name = Release;
		};
/* End XCBuildConfiguration section */

/* Begin XCConfigurationList section */
		32D9DA5F2CBDFB7100BA92E1 /* Build configuration list for PBXProject "CleanPlate" */ = {
			isa = XCConfigurationList;
			buildConfigurations = (
				32D9DA862CBDFB7900BA92E1 /* Debug */,
				32D9DA872CBDFB7900BA92E1 /* Release */,
			);
			defaultConfigurationIsVisible = 0;
			defaultConfigurationName = Release;
		};
		32D9DA882CBDFB7900BA92E1 /* Build configuration list for PBXNativeTarget "CleanPlate" */ = {
			isa = XCConfigurationList;
			buildConfigurations = (
				32D9DA892CBDFB7900BA92E1 /* Debug */,
				32D9DA8A2CBDFB7900BA92E1 /* Release */,
			);
			defaultConfigurationIsVisible = 0;
			defaultConfigurationName = Release;
		};
		32D9DA8B2CBDFB7900BA92E1 /* Build configuration list for PBXNativeTarget "CleanPlateTests" */ = {
			isa = XCConfigurationList;
			buildConfigurations = (
				32D9DA8C2CBDFB7900BA92E1 /* Debug */,
				32D9DA8D2CBDFB7900BA92E1 /* Release */,
			);
			defaultConfigurationIsVisible = 0;
			defaultConfigurationName = Release;
		};
		32D9DA8E2CBDFB7900BA92E1 /* Build configuration list for PBXNativeTarget "CleanPlateUITests" */ = {
			isa = XCConfigurationList;
			buildConfigurations = (
				32D9DA8F2CBDFB7900BA92E1 /* Debug */,
				32D9DA902CBDFB7900BA92E1 /* Release */,
			);
			defaultConfigurationIsVisible = 0;
			defaultConfigurationName = Release;
		};
/* End XCConfigurationList section */

/* Begin XCRemoteSwiftPackageReference section */
		326C9E832DC6A6EA007457E4 /* XCRemoteSwiftPackageReference "firebase-ios-sdk" */ = {
			isa = XCRemoteSwiftPackageReference;
			repositoryURL = "https://github.com/firebase/firebase-ios-sdk.git";
			requirement = {
				kind = upToNextMajorVersion;
				minimumVersion = 11.12.0;
			};
		};
		32CB03542DB41D0000C8068D /* XCRemoteSwiftPackageReference "firebase-ios-sdk" */ = {
			isa = XCRemoteSwiftPackageReference;
			repositoryURL = "https://github.com/firebase/firebase-ios-sdk.git";
			requirement = {
				kind = upToNextMajorVersion;
				minimumVersion = 11.11.0;
			};
		};
/* End XCRemoteSwiftPackageReference section */

/* Begin XCSwiftPackageProductDependency section */
		326C9E862DC6A6EB007457E4 /* FirebaseCrashlytics */ = {
			isa = XCSwiftPackageProductDependency;
			package = 326C9E832DC6A6EA007457E4 /* XCRemoteSwiftPackageReference "firebase-ios-sdk" */;
			productName = FirebaseCrashlytics;
		};
		32CB03552DB41D0000C8068D /* FirebaseAnalytics */ = {
			isa = XCSwiftPackageProductDependency;
			package = 32CB03542DB41D0000C8068D /* XCRemoteSwiftPackageReference "firebase-ios-sdk" */;
			productName = FirebaseAnalytics;
		};
/* End XCSwiftPackageProductDependency section */
	};
	rootObject = 32D9DA5C2CBDFB7100BA92E1 /* Project object */;
}
